// !$*UTF8*$!
{
	archiveVersion = 1;
	classes = {
	};
	objectVersion = 46;
	objects = {

/* Begin PBXBuildFile section */
		2F21397C1A1C380C00A0DA4A /* PTRXLoginViewController.m in Sources */ = {isa = PBXBuildFile; fileRef = 2F21397A1A1C380C00A0DA4A /* PTRXLoginViewController.m */; };
		2F21397D1A1C380C00A0DA4A /* PTRXLoginViewController.xib in Resources */ = {isa = PBXBuildFile; fileRef = 2F21397B1A1C380C00A0DA4A /* PTRXLoginViewController.xib */; };
		2FEDD72B1A1B97EA00C0B33B /* Foundation.framework in Frameworks */ = {isa = PBXBuildFile; fileRef = 2FEDD72A1A1B97EA00C0B33B /* Foundation.framework */; };
		2FEDD72D1A1B97EA00C0B33B /* CoreGraphics.framework in Frameworks */ = {isa = PBXBuildFile; fileRef = 2FEDD72C1A1B97EA00C0B33B /* CoreGraphics.framework */; };
		2FEDD72F1A1B97EA00C0B33B /* UIKit.framework in Frameworks */ = {isa = PBXBuildFile; fileRef = 2FEDD72E1A1B97EA00C0B33B /* UIKit.framework */; };
		2FEDD7351A1B97EA00C0B33B /* InfoPlist.strings in Resources */ = {isa = PBXBuildFile; fileRef = 2FEDD7331A1B97EA00C0B33B /* InfoPlist.strings */; };
		2FEDD7371A1B97EA00C0B33B /* main.m in Sources */ = {isa = PBXBuildFile; fileRef = 2FEDD7361A1B97EA00C0B33B /* main.m */; };
		2FEDD73B1A1B97EA00C0B33B /* PTRXAppDelegate.m in Sources */ = {isa = PBXBuildFile; fileRef = 2FEDD73A1A1B97EA00C0B33B /* PTRXAppDelegate.m */; };
		2FEDD7431A1B97EA00C0B33B /* Images.xcassets in Resources */ = {isa = PBXBuildFile; fileRef = 2FEDD7421A1B97EA00C0B33B /* Images.xcassets */; };
		2FEDD74A1A1B97EA00C0B33B /* XCTest.framework in Frameworks */ = {isa = PBXBuildFile; fileRef = 2FEDD7491A1B97EA00C0B33B /* XCTest.framework */; };
		2FEDD74B1A1B97EA00C0B33B /* Foundation.framework in Frameworks */ = {isa = PBXBuildFile; fileRef = 2FEDD72A1A1B97EA00C0B33B /* Foundation.framework */; };
		2FEDD74C1A1B97EA00C0B33B /* UIKit.framework in Frameworks */ = {isa = PBXBuildFile; fileRef = 2FEDD72E1A1B97EA00C0B33B /* UIKit.framework */; };
		2FEDD7541A1B97EA00C0B33B /* InfoPlist.strings in Resources */ = {isa = PBXBuildFile; fileRef = 2FEDD7521A1B97EA00C0B33B /* InfoPlist.strings */; };
		2FEDD7561A1B97EA00C0B33B /* SyslivePMTests.m in Sources */ = {isa = PBXBuildFile; fileRef = 2FEDD7551A1B97EA00C0B33B /* SyslivePMTests.m */; };
		2FEDD7621A1B986500C0B33B /* PTRXWizardViewController.m in Sources */ = {isa = PBXBuildFile; fileRef = 2FEDD7601A1B986500C0B33B /* PTRXWizardViewController.m */; };
		2FEDD7631A1B986500C0B33B /* PTRXWizardViewController.xib in Resources */ = {isa = PBXBuildFile; fileRef = 2FEDD7611A1B986500C0B33B /* PTRXWizardViewController.xib */; };
/* End PBXBuildFile section */

/* Begin PBXContainerItemProxy section */
		2FEDD74D1A1B97EA00C0B33B /* PBXContainerItemProxy */ = {
			isa = PBXContainerItemProxy;
			containerPortal = 2FEDD71F1A1B97EA00C0B33B /* Project object */;
			proxyType = 1;
			remoteGlobalIDString = 2FEDD7261A1B97EA00C0B33B;
			remoteInfo = SyslivePM;
		};
/* End PBXContainerItemProxy section */

/* Begin PBXFileReference section */
		2F2139791A1C380C00A0DA4A /* PTRXLoginViewController.h */ = {isa = PBXFileReference; fileEncoding = 4; lastKnownFileType = sourcecode.c.h; path = PTRXLoginViewController.h; sourceTree = "<group>"; };
		2F21397A1A1C380C00A0DA4A /* PTRXLoginViewController.m */ = {isa = PBXFileReference; fileEncoding = 4; lastKnownFileType = sourcecode.c.objc; path = PTRXLoginViewController.m; sourceTree = "<group>"; };
		2F21397B1A1C380C00A0DA4A /* PTRXLoginViewController.xib */ = {isa = PBXFileReference; fileEncoding = 4; lastKnownFileType = file.xib; path = PTRXLoginViewController.xib; sourceTree = "<group>"; };
		2FEDD7271A1B97EA00C0B33B /* SyslivePM.app */ = {isa = PBXFileReference; explicitFileType = wrapper.application; includeInIndex = 0; path = SyslivePM.app; sourceTree = BUILT_PRODUCTS_DIR; };
		2FEDD72A1A1B97EA00C0B33B /* Foundation.framework */ = {isa = PBXFileReference; lastKnownFileType = wrapper.framework; name = Foundation.framework; path = System/Library/Frameworks/Foundation.framework; sourceTree = SDKROOT; };
		2FEDD72C1A1B97EA00C0B33B /* CoreGraphics.framework */ = {isa = PBXFileReference; lastKnownFileType = wrapper.framework; name = CoreGraphics.framework; path = System/Library/Frameworks/CoreGraphics.framework; sourceTree = SDKROOT; };
		2FEDD72E1A1B97EA00C0B33B /* UIKit.framework */ = {isa = PBXFileReference; lastKnownFileType = wrapper.framework; name = UIKit.framework; path = System/Library/Frameworks/UIKit.framework; sourceTree = SDKROOT; };
		2FEDD7321A1B97EA00C0B33B /* SyslivePM-Info.plist */ = {isa = PBXFileReference; lastKnownFileType = text.plist.xml; path = "SyslivePM-Info.plist"; sourceTree = "<group>"; };
		2FEDD7341A1B97EA00C0B33B /* en */ = {isa = PBXFileReference; lastKnownFileType = text.plist.strings; name = en; path = en.lproj/InfoPlist.strings; sourceTree = "<group>"; };
		2FEDD7361A1B97EA00C0B33B /* main.m */ = {isa = PBXFileReference; lastKnownFileType = sourcecode.c.objc; path = main.m; sourceTree = "<group>"; };
		2FEDD7381A1B97EA00C0B33B /* SyslivePM-Prefix.pch */ = {isa = PBXFileReference; lastKnownFileType = sourcecode.c.h; path = "SyslivePM-Prefix.pch"; sourceTree = "<group>"; };
		2FEDD7391A1B97EA00C0B33B /* PTRXAppDelegate.h */ = {isa = PBXFileReference; lastKnownFileType = sourcecode.c.h; path = PTRXAppDelegate.h; sourceTree = "<group>"; };
		2FEDD73A1A1B97EA00C0B33B /* PTRXAppDelegate.m */ = {isa = PBXFileReference; lastKnownFileType = sourcecode.c.objc; path = PTRXAppDelegate.m; sourceTree = "<group>"; };
		2FEDD7421A1B97EA00C0B33B /* Images.xcassets */ = {isa = PBXFileReference; lastKnownFileType = folder.assetcatalog; path = Images.xcassets; sourceTree = "<group>"; };
		2FEDD7481A1B97EA00C0B33B /* SyslivePMTests.xctest */ = {isa = PBXFileReference; explicitFileType = wrapper.cfbundle; includeInIndex = 0; path = SyslivePMTests.xctest; sourceTree = BUILT_PRODUCTS_DIR; };
		2FEDD7491A1B97EA00C0B33B /* XCTest.framework */ = {isa = PBXFileReference; lastKnownFileType = wrapper.framework; name = XCTest.framework; path = Library/Frameworks/XCTest.framework; sourceTree = DEVELOPER_DIR; };
		2FEDD7511A1B97EA00C0B33B /* SyslivePMTests-Info.plist */ = {isa = PBXFileReference; lastKnownFileType = text.plist.xml; path = "SyslivePMTests-Info.plist"; sourceTree = "<group>"; };
		2FEDD7531A1B97EA00C0B33B /* en */ = {isa = PBXFileReference; lastKnownFileType = text.plist.strings; name = en; path = en.lproj/InfoPlist.strings; sourceTree = "<group>"; };
		2FEDD7551A1B97EA00C0B33B /* SyslivePMTests.m */ = {isa = PBXFileReference; lastKnownFileType = sourcecode.c.objc; path = SyslivePMTests.m; sourceTree = "<group>"; };
		2FEDD75F1A1B986500C0B33B /* PTRXWizardViewController.h */ = {isa = PBXFileReference; fileEncoding = 4; lastKnownFileType = sourcecode.c.h; path = PTRXWizardViewController.h; sourceTree = "<group>"; };
		2FEDD7601A1B986500C0B33B /* PTRXWizardViewController.m */ = {isa = PBXFileReference; fileEncoding = 4; lastKnownFileType = sourcecode.c.objc; path = PTRXWizardViewController.m; sourceTree = "<group>"; };
		2FEDD7611A1B986500C0B33B /* PTRXWizardViewController.xib */ = {isa = PBXFileReference; fileEncoding = 4; lastKnownFileType = file.xib; path = PTRXWizardViewController.xib; sourceTree = "<group>"; };
/* End PBXFileReference section */

/* Begin PBXFrameworksBuildPhase section */
		2FEDD7241A1B97EA00C0B33B /* Frameworks */ = {
			isa = PBXFrameworksBuildPhase;
			buildActionMask = 2147483647;
			files = (
				2FEDD72D1A1B97EA00C0B33B /* CoreGraphics.framework in Frameworks */,
				2FEDD72F1A1B97EA00C0B33B /* UIKit.framework in Frameworks */,
				2FEDD72B1A1B97EA00C0B33B /* Foundation.framework in Frameworks */,
			);
			runOnlyForDeploymentPostprocessing = 0;
		};
		2FEDD7451A1B97EA00C0B33B /* Frameworks */ = {
			isa = PBXFrameworksBuildPhase;
			buildActionMask = 2147483647;
			files = (
				2FEDD74A1A1B97EA00C0B33B /* XCTest.framework in Frameworks */,
				2FEDD74C1A1B97EA00C0B33B /* UIKit.framework in Frameworks */,
				2FEDD74B1A1B97EA00C0B33B /* Foundation.framework in Frameworks */,
			);
			runOnlyForDeploymentPostprocessing = 0;
		};
/* End PBXFrameworksBuildPhase section */

/* Begin PBXGroup section */
		2FEDD71E1A1B97EA00C0B33B = {
			isa = PBXGroup;
			children = (
				2FEDD7301A1B97EA00C0B33B /* SyslivePM */,
				2FEDD74F1A1B97EA00C0B33B /* SyslivePMTests */,
				2FEDD7291A1B97EA00C0B33B /* Frameworks */,
				2FEDD7281A1B97EA00C0B33B /* Products */,
			);
			sourceTree = "<group>";
		};
		2FEDD7281A1B97EA00C0B33B /* Products */ = {
			isa = PBXGroup;
			children = (
				2FEDD7271A1B97EA00C0B33B /* SyslivePM.app */,
				2FEDD7481A1B97EA00C0B33B /* SyslivePMTests.xctest */,
			);
			name = Products;
			sourceTree = "<group>";
		};
		2FEDD7291A1B97EA00C0B33B /* Frameworks */ = {
			isa = PBXGroup;
			children = (
				2FEDD72A1A1B97EA00C0B33B /* Foundation.framework */,
				2FEDD72C1A1B97EA00C0B33B /* CoreGraphics.framework */,
				2FEDD72E1A1B97EA00C0B33B /* UIKit.framework */,
				2FEDD7491A1B97EA00C0B33B /* XCTest.framework */,
			);
			name = Frameworks;
			sourceTree = "<group>";
		};
		2FEDD7301A1B97EA00C0B33B /* SyslivePM */ = {
			isa = PBXGroup;
			children = (
				2FEDD7391A1B97EA00C0B33B /* PTRXAppDelegate.h */,
				2FEDD73A1A1B97EA00C0B33B /* PTRXAppDelegate.m */,
				2FEDD75F1A1B986500C0B33B /* PTRXWizardViewController.h */,
				2FEDD7601A1B986500C0B33B /* PTRXWizardViewController.m */,
				2FEDD7611A1B986500C0B33B /* PTRXWizardViewController.xib */,
				2F2139791A1C380C00A0DA4A /* PTRXLoginViewController.h */,
				2F21397A1A1C380C00A0DA4A /* PTRXLoginViewController.m */,
				2F21397B1A1C380C00A0DA4A /* PTRXLoginViewController.xib */,
				2FEDD7421A1B97EA00C0B33B /* Images.xcassets */,
				2FEDD7311A1B97EA00C0B33B /* Supporting Files */,
			);
			path = SyslivePM;
			sourceTree = "<group>";
		};
		2FEDD7311A1B97EA00C0B33B /* Supporting Files */ = {
			isa = PBXGroup;
			children = (
				2FEDD7321A1B97EA00C0B33B /* SyslivePM-Info.plist */,
				2FEDD7331A1B97EA00C0B33B /* InfoPlist.strings */,
				2FEDD7361A1B97EA00C0B33B /* main.m */,
				2FEDD7381A1B97EA00C0B33B /* SyslivePM-Prefix.pch */,
			);
			name = "Supporting Files";
			sourceTree = "<group>";
		};
		2FEDD74F1A1B97EA00C0B33B /* SyslivePMTests */ = {
			isa = PBXGroup;
			children = (
				2FEDD7551A1B97EA00C0B33B /* SyslivePMTests.m */,
				2FEDD7501A1B97EA00C0B33B /* Supporting Files */,
			);
			path = SyslivePMTests;
			sourceTree = "<group>";
		};
		2FEDD7501A1B97EA00C0B33B /* Supporting Files */ = {
			isa = PBXGroup;
			children = (
				2FEDD7511A1B97EA00C0B33B /* SyslivePMTests-Info.plist */,
				2FEDD7521A1B97EA00C0B33B /* InfoPlist.strings */,
			);
			name = "Supporting Files";
			sourceTree = "<group>";
		};
/* End PBXGroup section */

/* Begin PBXNativeTarget section */
		2FEDD7261A1B97EA00C0B33B /* SyslivePM */ = {
			isa = PBXNativeTarget;
			buildConfigurationList = 2FEDD7591A1B97EA00C0B33B /* Build configuration list for PBXNativeTarget "SyslivePM" */;
			buildPhases = (
				2FEDD7231A1B97EA00C0B33B /* Sources */,
				2FEDD7241A1B97EA00C0B33B /* Frameworks */,
				2FEDD7251A1B97EA00C0B33B /* Resources */,
			);
			buildRules = (
			);
			dependencies = (
			);
			name = SyslivePM;
			productName = SyslivePM;
			productReference = 2FEDD7271A1B97EA00C0B33B /* SyslivePM.app */;
			productType = "com.apple.product-type.application";
		};
		2FEDD7471A1B97EA00C0B33B /* SyslivePMTests */ = {
			isa = PBXNativeTarget;
			buildConfigurationList = 2FEDD75C1A1B97EA00C0B33B /* Build configuration list for PBXNativeTarget "SyslivePMTests" */;
			buildPhases = (
				2FEDD7441A1B97EA00C0B33B /* Sources */,
				2FEDD7451A1B97EA00C0B33B /* Frameworks */,
				2FEDD7461A1B97EA00C0B33B /* Resources */,
			);
			buildRules = (
			);
			dependencies = (
				2FEDD74E1A1B97EA00C0B33B /* PBXTargetDependency */,
			);
			name = SyslivePMTests;
			productName = SyslivePMTests;
			productReference = 2FEDD7481A1B97EA00C0B33B /* SyslivePMTests.xctest */;
			productType = "com.apple.product-type.bundle.unit-test";
		};
/* End PBXNativeTarget section */

/* Begin PBXProject section */
		2FEDD71F1A1B97EA00C0B33B /* Project object */ = {
			isa = PBXProject;
			attributes = {
				CLASSPREFIX = PTRX;
				LastUpgradeCheck = 0500;
				ORGANIZATIONNAME = "Wang Long";
				TargetAttributes = {
					2FEDD7471A1B97EA00C0B33B = {
						TestTargetID = 2FEDD7261A1B97EA00C0B33B;
					};
				};
			};
			buildConfigurationList = 2FEDD7221A1B97EA00C0B33B /* Build configuration list for PBXProject "SyslivePM" */;
			compatibilityVersion = "Xcode 3.2";
			developmentRegion = English;
			hasScannedForEncodings = 0;
			knownRegions = (
				en,
				Base,
			);
			mainGroup = 2FEDD71E1A1B97EA00C0B33B;
			productRefGroup = 2FEDD7281A1B97EA00C0B33B /* Products */;
			projectDirPath = "";
			projectRoot = "";
			targets = (
				2FEDD7261A1B97EA00C0B33B /* SyslivePM */,
				2FEDD7471A1B97EA00C0B33B /* SyslivePMTests */,
			);
		};
/* End PBXProject section */

/* Begin PBXResourcesBuildPhase section */
		2FEDD7251A1B97EA00C0B33B /* Resources */ = {
			isa = PBXResourcesBuildPhase;
			buildActionMask = 2147483647;
			files = (
				2FEDD7431A1B97EA00C0B33B /* Images.xcassets in Resources */,
				2FEDD7351A1B97EA00C0B33B /* InfoPlist.strings in Resources */,
				2F21397D1A1C380C00A0DA4A /* PTRXLoginViewController.xib in Resources */,
				2FEDD7631A1B986500C0B33B /* PTRXWizardViewController.xib in Resources */,
			);
			runOnlyForDeploymentPostprocessing = 0;
		};
		2FEDD7461A1B97EA00C0B33B /* Resources */ = {
			isa = PBXResourcesBuildPhase;
			buildActionMask = 2147483647;
			files = (
				2FEDD7541A1B97EA00C0B33B /* InfoPlist.strings in Resources */,
			);
			runOnlyForDeploymentPostprocessing = 0;
		};
/* End PBXResourcesBuildPhase section */

/* Begin PBXSourcesBuildPhase section */
		2FEDD7231A1B97EA00C0B33B /* Sources */ = {
			isa = PBXSourcesBuildPhase;
			buildActionMask = 2147483647;
			files = (
				2FEDD73B1A1B97EA00C0B33B /* PTRXAppDelegate.m in Sources */,
				2FEDD7371A1B97EA00C0B33B /* main.m in Sources */,
				2F21397C1A1C380C00A0DA4A /* PTRXLoginViewController.m in Sources */,
				2FEDD7621A1B986500C0B33B /* PTRXWizardViewController.m in Sources */,
			);
			runOnlyForDeploymentPostprocessing = 0;
		};
		2FEDD7441A1B97EA00C0B33B /* Sources */ = {
			isa = PBXSourcesBuildPhase;
			buildActionMask = 2147483647;
			files = (
				2FEDD7561A1B97EA00C0B33B /* SyslivePMTests.m in Sources */,
			);
			runOnlyForDeploymentPostprocessing = 0;
		};
/* End PBXSourcesBuildPhase section */

/* Begin PBXTargetDependency section */
		2FEDD74E1A1B97EA00C0B33B /* PBXTargetDependency */ = {
			isa = PBXTargetDependency;
			target = 2FEDD7261A1B97EA00C0B33B /* SyslivePM */;
			targetProxy = 2FEDD74D1A1B97EA00C0B33B /* PBXContainerItemProxy */;
		};
/* End PBXTargetDependency section */

/* Begin PBXVariantGroup section */
		2FEDD7331A1B97EA00C0B33B /* InfoPlist.strings */ = {
			isa = PBXVariantGroup;
			children = (
				2FEDD7341A1B97EA00C0B33B /* en */,
			);
			name = InfoPlist.strings;
			sourceTree = "<group>";
		};
		2FEDD7521A1B97EA00C0B33B /* InfoPlist.strings */ = {
			isa = PBXVariantGroup;
			children = (
				2FEDD7531A1B97EA00C0B33B /* en */,
			);
			name = InfoPlist.strings;
			sourceTree = "<group>";
		};
/* End PBXVariantGroup section */

/* Begin XCBuildConfiguration section */
		2FEDD7571A1B97EA00C0B33B /* Debug */ = {
			isa = XCBuildConfiguration;
			buildSettings = {
				ALWAYS_SEARCH_USER_PATHS = NO;
				ARCHS = "$(ARCHS_STANDARD_INCLUDING_64_BIT)";
				CLANG_CXX_LANGUAGE_STANDARD = "gnu++0x";
				CLANG_CXX_LIBRARY = "libc++";
				CLANG_ENABLE_MODULES = YES;
				CLANG_ENABLE_OBJC_ARC = YES;
				CLANG_WARN_BOOL_CONVERSION = YES;
				CLANG_WARN_CONSTANT_CONVERSION = YES;
				CLANG_WARN_DIRECT_OBJC_ISA_USAGE = YES_ERROR;
				CLANG_WARN_EMPTY_BODY = YES;
				CLANG_WARN_ENUM_CONVERSION = YES;
				CLANG_WARN_INT_CONVERSION = YES;
				CLANG_WARN_OBJC_ROOT_CLASS = YES_ERROR;
				CLANG_WARN__DUPLICATE_METHOD_MATCH = YES;
				"CODE_SIGN_IDENTITY[sdk=iphoneos*]" = "iPhone Developer";
				COPY_PHASE_STRIP = NO;
				GCC_C_LANGUAGE_STANDARD = gnu99;
				GCC_DYNAMIC_NO_PIC = NO;
				GCC_OPTIMIZATION_LEVEL = 0;
				GCC_PREPROCESSOR_DEFINITIONS = (
					"DEBUG=1",
					"$(inherited)",
				);
				GCC_SYMBOLS_PRIVATE_EXTERN = NO;
				GCC_WARN_64_TO_32_BIT_CONVERSION = YES;
				GCC_WARN_ABOUT_RETURN_TYPE = YES_ERROR;
				GCC_WARN_UNDECLARED_SELECTOR = YES;
				GCC_WARN_UNINITIALIZED_AUTOS = YES;
				GCC_WARN_UNUSED_FUNCTION = YES;
				GCC_WARN_UNUSED_VARIABLE = YES;
				IPHONEOS_DEPLOYMENT_TARGET = 7.0;
				ONLY_ACTIVE_ARCH = YES;
				SDKROOT = iphoneos;
			};
			name = Debug;
		};
		2FEDD7581A1B97EA00C0B33B /* Release */ = {
			isa = XCBuildConfiguration;
			buildSettings = {
				ALWAYS_SEARCH_USER_PATHS = NO;
				ARCHS = "$(ARCHS_STANDARD_INCLUDING_64_BIT)";
				CLANG_CXX_LANGUAGE_STANDARD = "gnu++0x";
				CLANG_CXX_LIBRARY = "libc++";
				CLANG_ENABLE_MODULES = YES;
				CLANG_ENABLE_OBJC_ARC = YES;
				CLANG_WARN_BOOL_CONVERSION = YES;
				CLANG_WARN_CONSTANT_CONVERSION = YES;
				CLANG_WARN_DIRECT_OBJC_ISA_USAGE = YES_ERROR;
				CLANG_WARN_EMPTY_BODY = YES;
				CLANG_WARN_ENUM_CONVERSION = YES;
				CLANG_WARN_INT_CONVERSION = YES;
				CLANG_WARN_OBJC_ROOT_CLASS = YES_ERROR;
				CLANG_WARN__DUPLICATE_METHOD_MATCH = YES;
				"CODE_SIGN_IDENTITY[sdk=iphoneos*]" = "iPhone Developer";
				COPY_PHASE_STRIP = YES;
				ENABLE_NS_ASSERTIONS = NO;
				GCC_C_LANGUAGE_STANDARD = gnu99;
				GCC_WARN_64_TO_32_BIT_CONVERSION = YES;
				GCC_WARN_ABOUT_RETURN_TYPE = YES_ERROR;
				GCC_WARN_UNDECLARED_SELECTOR = YES;
				GCC_WARN_UNINITIALIZED_AUTOS = YES;
				GCC_WARN_UNUSED_FUNCTION = YES;
				GCC_WARN_UNUSED_VARIABLE = YES;
				IPHONEOS_DEPLOYMENT_TARGET = 7.0;
				SDKROOT = iphoneos;
				VALIDATE_PRODUCT = YES;
			};
			name = Release;
		};
		2FEDD75A1A1B97EA00C0B33B /* Debug */ = {
			isa = XCBuildConfiguration;
			buildSettings = {
				ASSETCATALOG_COMPILER_APPICON_NAME = AppIcon;
				ASSETCATALOG_COMPILER_LAUNCHIMAGE_NAME = LaunchImage;
				GCC_PRECOMPILE_PREFIX_HEADER = YES;
				GCC_PREFIX_HEADER = "SyslivePM/SyslivePM-Prefix.pch";
				INFOPLIST_FILE = "SyslivePM/SyslivePM-Info.plist";
				PRODUCT_NAME = "$(TARGET_NAME)";
				WRAPPER_EXTENSION = app;
			};
			name = Debug;
		};
		2FEDD75B1A1B97EA00C0B33B /* Release */ = {
			isa = XCBuildConfiguration;
			buildSettings = {
				ASSETCATALOG_COMPILER_APPICON_NAME = AppIcon;
				ASSETCATALOG_COMPILER_LAUNCHIMAGE_NAME = LaunchImage;
				GCC_PRECOMPILE_PREFIX_HEADER = YES;
				GCC_PREFIX_HEADER = "SyslivePM/SyslivePM-Prefix.pch";
				INFOPLIST_FILE = "SyslivePM/SyslivePM-Info.plist";
				PRODUCT_NAME = "$(TARGET_NAME)";
				WRAPPER_EXTENSION = app;
			};
			name = Release;
		};
		2FEDD75D1A1B97EA00C0B33B /* Debug */ = {
			isa = XCBuildConfiguration;
			buildSettings = {
				ARCHS = "$(ARCHS_STANDARD_INCLUDING_64_BIT)";
				BUNDLE_LOADER = "$(BUILT_PRODUCTS_DIR)/SyslivePM.app/SyslivePM";
				FRAMEWORK_SEARCH_PATHS = (
					"$(SDKROOT)/Developer/Library/Frameworks",
					"$(inherited)",
					"$(DEVELOPER_FRAMEWORKS_DIR)",
				);
				GCC_PRECOMPILE_PREFIX_HEADER = YES;
				GCC_PREFIX_HEADER = "SyslivePM/SyslivePM-Prefix.pch";
				GCC_PREPROCESSOR_DEFINITIONS = (
					"DEBUG=1",
					"$(inherited)",
				);
				INFOPLIST_FILE = "SyslivePMTests/SyslivePMTests-Info.plist";
				PRODUCT_NAME = "$(TARGET_NAME)";
				TEST_HOST = "$(BUNDLE_LOADER)";
				WRAPPER_EXTENSION = xctest;
			};
			name = Debug;
		};
		2FEDD75E1A1B97EA00C0B33B /* Release */ = {
			isa = XCBuildConfiguration;
			buildSettings = {
				ARCHS = "$(ARCHS_STANDARD_INCLUDING_64_BIT)";
				BUNDLE_LOADER = "$(BUILT_PRODUCTS_DIR)/SyslivePM.app/SyslivePM";
				FRAMEWORK_SEARCH_PATHS = (
					"$(SDKROOT)/Developer/Library/Frameworks",
					"$(inherited)",
					"$(DEVELOPER_FRAMEWORKS_DIR)",
				);
				GCC_PRECOMPILE_PREFIX_HEADER = YES;
				GCC_PREFIX_HEADER = "SyslivePM/SyslivePM-Prefix.pch";
				INFOPLIST_FILE = "SyslivePMTests/SyslivePMTests-Info.plist";
				PRODUCT_NAME = "$(TARGET_NAME)";
				TEST_HOST = "$(BUNDLE_LOADER)";
				WRAPPER_EXTENSION = xctest;
			};
			name = Release;
		};
/* End XCBuildConfiguration section */

/* Begin XCConfigurationList section */
		2FEDD7221A1B97EA00C0B33B /* Build configuration list for PBXProject "SyslivePM" */ = {
			isa = XCConfigurationList;
			buildConfigurations = (
				2FEDD7571A1B97EA00C0B33B /* Debug */,
				2FEDD7581A1B97EA00C0B33B /* Release */,
			);
			defaultConfigurationIsVisible = 0;
			defaultConfigurationName = Release;
		};
		2FEDD7591A1B97EA00C0B33B /* Build configuration list for PBXNativeTarget "SyslivePM" */ = {
			isa = XCConfigurationList;
			buildConfigurations = (
				2FEDD75A1A1B97EA00C0B33B /* Debug */,
				2FEDD75B1A1B97EA00C0B33B /* Release */,
			);
			defaultConfigurationIsVisible = 0;
			defaultConfigurationName = Release;
		};
		2FEDD75C1A1B97EA00C0B33B /* Build configuration list for PBXNativeTarget "SyslivePMTests" */ = {
			isa = XCConfigurationList;
			buildConfigurations = (
				2FEDD75D1A1B97EA00C0B33B /* Debug */,
				2FEDD75E1A1B97EA00C0B33B /* Release */,
			);
			defaultConfigurationIsVisible = 0;
			defaultConfigurationName = Release;
		};
/* End XCConfigurationList section */
	};
	rootObject = 2FEDD71F1A1B97EA00C0B33B /* Project object */;
}
